
Microsoft Visual Studio Solution File, Format Version 12.00
# Visual Studio Version 16
VisualStudioVersion = 16.0.30523.141
MinimumVisualStudioVersion = 10.0.40219.1
Project("{9A19103F-16F7-4668-BE54-9A1E7A4F7556}") = "Updater", "Updater\Updater.csproj", "{80965271-117F-43A7-BC38-C17638F6406E}"
EndProject
Project("{9A19103F-16F7-4668-BE54-9A1E7A4F7556}") = "CommonUtils", "CommonUtils\CommonUtils.csproj", "{7F89F21F-758F-470B-A787-3CA98C422C98}"
EndProject
Project("{9A19103F-16F7-4668-BE54-9A1E7A4F7556}") = "SiteBuilder", "SiteBuilder\SiteBuilder.csproj", "{B7D1C20A-F96A-4884-AC67-ACED81279623}"
EndProject
Project("{9A19103F-16F7-4668-BE54-9A1E7A4F7556}") = "TestSandBox", "TestSandBox\TestSandBox.csproj", "{739B736C-5E71-4F5F-9B24-A2D71E4C2B5E}"
EndProject
Project("{9A19103F-16F7-4668-BE54-9A1E7A4F7556}") = "XMLDocReader", "XMLDocReader\XMLDocReader.csproj", "{2ED080D2-A888-411C-9C07-A3EA56016124}"
EndProject
Project("{9A19103F-16F7-4668-BE54-9A1E7A4F7556}") = "Deployment", "Deployment\Deployment.csproj", "{3049596E-0CBD-41D8-BC6D-1C0B8178AC6D}"
EndProject
Project("{9A19103F-16F7-4668-BE54-9A1E7A4F7556}") = "CSharpUtils", "CSharpUtils\CSharpUtils.csproj", "{FF176138-AFA8-40A7-831C-8AAC51019B26}"
EndProject
Project("{9A19103F-16F7-4668-BE54-9A1E7A4F7556}") = "PageCreator", "PageCreator\PageCreator.csproj", "{0D86528D-CFBE-4E5C-BE1B-5A26D7D8522B}"
EndProject
Project("{2150E333-8FDC-42A3-9474-1A3956D46DE8}") = "DevPipelines", "DevPipelines", "{247D30BB-7880-4F31-A862-3FB2D21FAF9A}"
EndProject
Project("{9A19103F-16F7-4668-BE54-9A1E7A4F7556}") = "CoreToAsset", "CoreToAsset\CoreToAsset.csproj", "{557FF6AF-DB9F-4040-AF46-7704449BF87C}"
EndProject
Project("{9A19103F-16F7-4668-BE54-9A1E7A4F7556}") = "CoreToCLIFolder", "CoreToCLIFolder\CoreToCLIFolder.csproj", "{9B0391ED-B27C-4AED-905F-B8313155252E}"
EndProject
Project("{9A19103F-16F7-4668-BE54-9A1E7A4F7556}") = "BaseDevPipeline", "BaseDevPipeline\BaseDevPipeline.csproj", "{0518923D-627A-4D7E-9326-69B004133FE2}"
EndProject
Project("{9A19103F-16F7-4668-BE54-9A1E7A4F7556}") = "UpdateReleaseNotes", "UpdateReleaseNotes\UpdateReleaseNotes.csproj", "{98D27380-8695-4064-A2B9-F62636EC43A8}"
EndProject
Project("{9A19103F-16F7-4668-BE54-9A1E7A4F7556}") = "CoreToSiteSource", "CoreToSiteSource\CoreToSiteSource.csproj", "{D794850D-1DBB-4CFE-A303-6116911B7C58}"
EndProject
Project("{9A19103F-16F7-4668-BE54-9A1E7A4F7556}") = "DevSiteBuild", "DevSiteBuild\DevSiteBuild.csproj", "{DD652351-A929-4353-B725-CE87F77511D9}"
EndProject
Project("{FAE04EC0-301F-11D3-BF4B-00C04F79EFBC}") = "DevSiteFullBuild", "DevSiteFullBuild\DevSiteFullBuild.csproj", "{E3F0815A-EA15-4469-B34E-90D41246DBDA}"
EndProject
Global
	GlobalSection(SolutionConfigurationPlatforms) = preSolution
		Debug|Any CPU = Debug|Any CPU
		Release|Any CPU = Release|Any CPU
	EndGlobalSection
	GlobalSection(ProjectConfigurationPlatforms) = postSolution
		{80965271-117F-43A7-BC38-C17638F6406E}.Debug|Any CPU.ActiveCfg = Debug|Any CPU
		{80965271-117F-43A7-BC38-C17638F6406E}.Debug|Any CPU.Build.0 = Debug|Any CPU
		{80965271-117F-43A7-BC38-C17638F6406E}.Release|Any CPU.ActiveCfg = Release|Any CPU
		{80965271-117F-43A7-BC38-C17638F6406E}.Release|Any CPU.Build.0 = Release|Any CPU
		{7F89F21F-758F-470B-A787-3CA98C422C98}.Debug|Any CPU.ActiveCfg = Debug|Any CPU
		{7F89F21F-758F-470B-A787-3CA98C422C98}.Debug|Any CPU.Build.0 = Debug|Any CPU
		{7F89F21F-758F-470B-A787-3CA98C422C98}.Release|Any CPU.ActiveCfg = Release|Any CPU
		{7F89F21F-758F-470B-A787-3CA98C422C98}.Release|Any CPU.Build.0 = Release|Any CPU
		{B7D1C20A-F96A-4884-AC67-ACED81279623}.Debug|Any CPU.ActiveCfg = Debug|Any CPU
		{B7D1C20A-F96A-4884-AC67-ACED81279623}.Debug|Any CPU.Build.0 = Debug|Any CPU
		{B7D1C20A-F96A-4884-AC67-ACED81279623}.Release|Any CPU.ActiveCfg = Release|Any CPU
		{B7D1C20A-F96A-4884-AC67-ACED81279623}.Release|Any CPU.Build.0 = Release|Any CPU
		{739B736C-5E71-4F5F-9B24-A2D71E4C2B5E}.Debug|Any CPU.ActiveCfg = Debug|Any CPU
		{739B736C-5E71-4F5F-9B24-A2D71E4C2B5E}.Debug|Any CPU.Build.0 = Debug|Any CPU
		{739B736C-5E71-4F5F-9B24-A2D71E4C2B5E}.Release|Any CPU.ActiveCfg = Release|Any CPU
		{739B736C-5E71-4F5F-9B24-A2D71E4C2B5E}.Release|Any CPU.Build.0 = Release|Any CPU
		{2ED080D2-A888-411C-9C07-A3EA56016124}.Debug|Any CPU.ActiveCfg = Debug|Any CPU
		{2ED080D2-A888-411C-9C07-A3EA56016124}.Debug|Any CPU.Build.0 = Debug|Any CPU
		{2ED080D2-A888-411C-9C07-A3EA56016124}.Release|Any CPU.ActiveCfg = Release|Any CPU
		{2ED080D2-A888-411C-9C07-A3EA56016124}.Release|Any CPU.Build.0 = Release|Any CPU
		{3049596E-0CBD-41D8-BC6D-1C0B8178AC6D}.Debug|Any CPU.ActiveCfg = Debug|Any CPU
		{3049596E-0CBD-41D8-BC6D-1C0B8178AC6D}.Debug|Any CPU.Build.0 = Debug|Any CPU
		{3049596E-0CBD-41D8-BC6D-1C0B8178AC6D}.Release|Any CPU.ActiveCfg = Release|Any CPU
		{3049596E-0CBD-41D8-BC6D-1C0B8178AC6D}.Release|Any CPU.Build.0 = Release|Any CPU
		{FF176138-AFA8-40A7-831C-8AAC51019B26}.Debug|Any CPU.ActiveCfg = Debug|Any CPU
		{FF176138-AFA8-40A7-831C-8AAC51019B26}.Debug|Any CPU.Build.0 = Debug|Any CPU
		{FF176138-AFA8-40A7-831C-8AAC51019B26}.Release|Any CPU.ActiveCfg = Release|Any CPU
		{FF176138-AFA8-40A7-831C-8AAC51019B26}.Release|Any CPU.Build.0 = Release|Any CPU
		{0D86528D-CFBE-4E5C-BE1B-5A26D7D8522B}.Debug|Any CPU.ActiveCfg = Debug|Any CPU
		{0D86528D-CFBE-4E5C-BE1B-5A26D7D8522B}.Debug|Any CPU.Build.0 = Debug|Any CPU
		{0D86528D-CFBE-4E5C-BE1B-5A26D7D8522B}.Release|Any CPU.ActiveCfg = Release|Any CPU
		{0D86528D-CFBE-4E5C-BE1B-5A26D7D8522B}.Release|Any CPU.Build.0 = Release|Any CPU
		{557FF6AF-DB9F-4040-AF46-7704449BF87C}.Debug|Any CPU.ActiveCfg = Debug|Any CPU
		{557FF6AF-DB9F-4040-AF46-7704449BF87C}.Debug|Any CPU.Build.0 = Debug|Any CPU
		{557FF6AF-DB9F-4040-AF46-7704449BF87C}.Release|Any CPU.ActiveCfg = Release|Any CPU
		{557FF6AF-DB9F-4040-AF46-7704449BF87C}.Release|Any CPU.Build.0 = Release|Any CPU
		{9B0391ED-B27C-4AED-905F-B8313155252E}.Debug|Any CPU.ActiveCfg = Debug|Any CPU
		{9B0391ED-B27C-4AED-905F-B8313155252E}.Debug|Any CPU.Build.0 = Debug|Any CPU
		{9B0391ED-B27C-4AED-905F-B8313155252E}.Release|Any CPU.ActiveCfg = Release|Any CPU
		{9B0391ED-B27C-4AED-905F-B8313155252E}.Release|Any CPU.Build.0 = Release|Any CPU
		{0518923D-627A-4D7E-9326-69B004133FE2}.Debug|Any CPU.ActiveCfg = Debug|Any CPU
		{0518923D-627A-4D7E-9326-69B004133FE2}.Debug|Any CPU.Build.0 = Debug|Any CPU
		{0518923D-627A-4D7E-9326-69B004133FE2}.Release|Any CPU.ActiveCfg = Release|Any CPU
		{0518923D-627A-4D7E-9326-69B004133FE2}.Release|Any CPU.Build.0 = Release|Any CPU
		{98D27380-8695-4064-A2B9-F62636EC43A8}.Debug|Any CPU.ActiveCfg = Debug|Any CPU
		{98D27380-8695-4064-A2B9-F62636EC43A8}.Debug|Any CPU.Build.0 = Debug|Any CPU
		{98D27380-8695-4064-A2B9-F62636EC43A8}.Release|Any CPU.ActiveCfg = Release|Any CPU
		{98D27380-8695-4064-A2B9-F62636EC43A8}.Release|Any CPU.Build.0 = Release|Any CPU
		{D794850D-1DBB-4CFE-A303-6116911B7C58}.Debug|Any CPU.ActiveCfg = Debug|Any CPU
		{D794850D-1DBB-4CFE-A303-6116911B7C58}.Debug|Any CPU.Build.0 = Debug|Any CPU
		{D794850D-1DBB-4CFE-A303-6116911B7C58}.Release|Any CPU.ActiveCfg = Release|Any CPU
		{D794850D-1DBB-4CFE-A303-6116911B7C58}.Release|Any CPU.Build.0 = Release|Any CPU
		{DD652351-A929-4353-B725-CE87F77511D9}.Debug|Any CPU.ActiveCfg = Debug|Any CPU
		{DD652351-A929-4353-B725-CE87F77511D9}.Debug|Any CPU.Build.0 = Debug|Any CPU
		{DD652351-A929-4353-B725-CE87F77511D9}.Release|Any CPU.ActiveCfg = Release|Any CPU
		{DD652351-A929-4353-B725-CE87F77511D9}.Release|Any CPU.Build.0 = Release|Any CPU
		{E3F0815A-EA15-4469-B34E-90D41246DBDA}.Debug|Any CPU.ActiveCfg = Debug|Any CPU
		{E3F0815A-EA15-4469-B34E-90D41246DBDA}.Debug|Any CPU.Build.0 = Debug|Any CPU
		{E3F0815A-EA15-4469-B34E-90D41246DBDA}.Release|Any CPU.ActiveCfg = Release|Any CPU
		{E3F0815A-EA15-4469-B34E-90D41246DBDA}.Release|Any CPU.Build.0 = Release|Any CPU
	EndGlobalSection
	GlobalSection(SolutionProperties) = preSolution
		HideSolutionNode = FALSE
	EndGlobalSection
	GlobalSection(NestedProjects) = preSolution
		{557FF6AF-DB9F-4040-AF46-7704449BF87C} = {247D30BB-7880-4F31-A862-3FB2D21FAF9A}
		{9B0391ED-B27C-4AED-905F-B8313155252E} = {247D30BB-7880-4F31-A862-3FB2D21FAF9A}
		{98D27380-8695-4064-A2B9-F62636EC43A8} = {247D30BB-7880-4F31-A862-3FB2D21FAF9A}
		{D794850D-1DBB-4CFE-A303-6116911B7C58} = {247D30BB-7880-4F31-A862-3FB2D21FAF9A}
		{DD652351-A929-4353-B725-CE87F77511D9} = {247D30BB-7880-4F31-A862-3FB2D21FAF9A}
		{E3F0815A-EA15-4469-B34E-90D41246DBDA} = {247D30BB-7880-4F31-A862-3FB2D21FAF9A}
	EndGlobalSection
	GlobalSection(ExtensibilityGlobals) = postSolution
		SolutionGuid = {06C4A77F-C5ED-463F-A718-5E248AB5CDAB}
	EndGlobalSection
EndGlobal
