
Microsoft Visual Studio Solution File, Format Version 12.00
# Visual Studio Version 16
VisualStudioVersion = 16.0.30523.141
MinimumVisualStudioVersion = 10.0.40219.1
Project("{9A19103F-16F7-4668-BE54-9A1E7A4F7556}") = "Updater", "Updater\Updater.csproj", "{80965271-117F-43A7-BC38-C17638F6406E}"
EndProject
Project("{9A19103F-16F7-4668-BE54-9A1E7A4F7556}") = "CommonUtils", "CommonUtils\CommonUtils.csproj", "{7F89F21F-758F-470B-A787-3CA98C422C98}"
EndProject
Project("{FAE04EC0-301F-11D3-BF4B-00C04F79EFBC}") = "SiteBuilder", "SiteBuilder\SiteBuilder.csproj", "{B7D1C20A-F96A-4884-AC67-ACED81279623}"
EndProject
Global
	GlobalSection(SolutionConfigurationPlatforms) = preSolution
		Debug|Any CPU = Debug|Any CPU
		Release|Any CPU = Release|Any CPU
	EndGlobalSection
	GlobalSection(ProjectConfigurationPlatforms) = postSolution
		{80965271-117F-43A7-BC38-C17638F6406E}.Debug|Any CPU.ActiveCfg = Debug|Any CPU
		{80965271-117F-43A7-BC38-C17638F6406E}.Debug|Any CPU.Build.0 = Debug|Any CPU
		{80965271-117F-43A7-BC38-C17638F6406E}.Release|Any CPU.ActiveCfg = Release|Any CPU
		{80965271-117F-43A7-BC38-C17638F6406E}.Release|Any CPU.Build.0 = Release|Any CPU
		{7F89F21F-758F-470B-A787-3CA98C422C98}.Debug|Any CPU.ActiveCfg = Debug|Any CPU
		{7F89F21F-758F-470B-A787-3CA98C422C98}.Debug|Any CPU.Build.0 = Debug|Any CPU
		{7F89F21F-758F-470B-A787-3CA98C422C98}.Release|Any CPU.ActiveCfg = Release|Any CPU
		{7F89F21F-758F-470B-A787-3CA98C422C98}.Release|Any CPU.Build.0 = Release|Any CPU
		{B7D1C20A-F96A-4884-AC67-ACED81279623}.Debug|Any CPU.ActiveCfg = Debug|Any CPU
		{B7D1C20A-F96A-4884-AC67-ACED81279623}.Debug|Any CPU.Build.0 = Debug|Any CPU
		{B7D1C20A-F96A-4884-AC67-ACED81279623}.Release|Any CPU.ActiveCfg = Release|Any CPU
		{B7D1C20A-F96A-4884-AC67-ACED81279623}.Release|Any CPU.Build.0 = Release|Any CPU
	EndGlobalSection
	GlobalSection(SolutionProperties) = preSolution
		HideSolutionNode = FALSE
	EndGlobalSection
	GlobalSection(ExtensibilityGlobals) = postSolution
		SolutionGuid = {06C4A77F-C5ED-463F-A718-5E248AB5CDAB}
	EndGlobalSection
EndGlobal
