
Microsoft Visual Studio Solution File, Format Version 12.00
# Visual Studio Version 17
VisualStudioVersion = 17.0.32112.339
MinimumVisualStudioVersion = 10.0.40219.1
Project("{9A19103F-16F7-4668-BE54-9A1E7A4F7556}") = "CommonUtils", "CommonUtils\CommonUtils.csproj", "{7F89F21F-758F-470B-A787-3CA98C422C98}"
EndProject
Project("{9A19103F-16F7-4668-BE54-9A1E7A4F7556}") = "SiteBuilder", "SiteBuilder\SiteBuilder.csproj", "{B7D1C20A-F96A-4884-AC67-ACED81279623}"
EndProject
Project("{9A19103F-16F7-4668-BE54-9A1E7A4F7556}") = "TestSandBox", "TestSandBox\TestSandBox.csproj", "{739B736C-5E71-4F5F-9B24-A2D71E4C2B5E}"
EndProject
Project("{9A19103F-16F7-4668-BE54-9A1E7A4F7556}") = "XMLDocReader", "XMLDocReader\XMLDocReader.csproj", "{2ED080D2-A888-411C-9C07-A3EA56016124}"
EndProject
Project("{9A19103F-16F7-4668-BE54-9A1E7A4F7556}") = "Deployment", "Deployment\Deployment.csproj", "{3049596E-0CBD-41D8-BC6D-1C0B8178AC6D}"
EndProject
Project("{9A19103F-16F7-4668-BE54-9A1E7A4F7556}") = "CSharpUtils", "CSharpUtils\CSharpUtils.csproj", "{FF176138-AFA8-40A7-831C-8AAC51019B26}"
EndProject
Project("{9A19103F-16F7-4668-BE54-9A1E7A4F7556}") = "PageCreator", "PageCreator\PageCreator.csproj", "{0D86528D-CFBE-4E5C-BE1B-5A26D7D8522B}"
EndProject
Project("{2150E333-8FDC-42A3-9474-1A3956D46DE8}") = "DevPipelines", "DevPipelines", "{247D30BB-7880-4F31-A862-3FB2D21FAF9A}"
EndProject
Project("{9A19103F-16F7-4668-BE54-9A1E7A4F7556}") = "CoreToAsset", "CoreToAsset\CoreToAsset.csproj", "{557FF6AF-DB9F-4040-AF46-7704449BF87C}"
EndProject
Project("{9A19103F-16F7-4668-BE54-9A1E7A4F7556}") = "CoreToCLIFolder", "CoreToCLIFolder\CoreToCLIFolder.csproj", "{9B0391ED-B27C-4AED-905F-B8313155252E}"
EndProject
Project("{9A19103F-16F7-4668-BE54-9A1E7A4F7556}") = "BaseDevPipeline", "BaseDevPipeline\BaseDevPipeline.csproj", "{0518923D-627A-4D7E-9326-69B004133FE2}"
EndProject
Project("{9A19103F-16F7-4668-BE54-9A1E7A4F7556}") = "UpdateReleaseNotes", "UpdateReleaseNotes\UpdateReleaseNotes.csproj", "{98D27380-8695-4064-A2B9-F62636EC43A8}"
EndProject
Project("{9A19103F-16F7-4668-BE54-9A1E7A4F7556}") = "CoreToSiteSource", "CoreToSiteSource\CoreToSiteSource.csproj", "{D794850D-1DBB-4CFE-A303-6116911B7C58}"
EndProject
Project("{9A19103F-16F7-4668-BE54-9A1E7A4F7556}") = "DevSiteBuild", "DevSiteBuild\DevSiteBuild.csproj", "{DD652351-A929-4353-B725-CE87F77511D9}"
EndProject
Project("{9A19103F-16F7-4668-BE54-9A1E7A4F7556}") = "DevSiteFullBuild", "DevSiteFullBuild\DevSiteFullBuild.csproj", "{E3F0815A-EA15-4469-B34E-90D41246DBDA}"
EndProject
Project("{9A19103F-16F7-4668-BE54-9A1E7A4F7556}") = "CreateAndCommitReadmes", "CreateAndCommitReadmes\CreateAndCommitReadmes.csproj", "{647EECAA-7BBC-4DAA-BFFC-ADC1A66EE530}"
EndProject
Project("{9A19103F-16F7-4668-BE54-9A1E7A4F7556}") = "CreateReadmes", "CreateReadmes\CreateReadmes.csproj", "{8B606882-D00C-48EE-9D45-B4F03E69A164}"
EndProject
Project("{2150E333-8FDC-42A3-9474-1A3956D46DE8}") = "ProjectsVersion", "ProjectsVersion", "{F5C13574-F505-4A0B-AEBC-FCEF119BE310}"
EndProject
Project("{9A19103F-16F7-4668-BE54-9A1E7A4F7556}") = "UpdateProjectsVersion", "UpdateProjectsVersion\UpdateProjectsVersion.csproj", "{F741E351-80F4-437B-85A6-18E1CCFD23D8}"
EndProject
Project("{9A19103F-16F7-4668-BE54-9A1E7A4F7556}") = "UpdateAndCommitProjectsVersion", "UpdateAndCommitProjectsVersion\UpdateAndCommitProjectsVersion.csproj", "{27CD9ABD-CF65-491B-84BD-A4E0B450C2D5}"
EndProject
Project("{9A19103F-16F7-4668-BE54-9A1E7A4F7556}") = "UpdateTestAndCommitProjectsVersion", "UpdateTestAndCommitProjectsVersion\UpdateTestAndCommitProjectsVersion.csproj", "{6E995C53-C9E5-4FC5-B681-63BDDCB8F2DF}"
EndProject
Project("{9A19103F-16F7-4668-BE54-9A1E7A4F7556}") = "UnityToSiteSource", "UnityToSiteSource\UnityToSiteSource.csproj", "{B23B0DE3-8DB1-4BCB-A6AE-F8B14C1CB62B}"
EndProject
Project("{9A19103F-16F7-4668-BE54-9A1E7A4F7556}") = "PullSolutionsWithMaintainedReleases", "PullSolutionsWithMaintainedReleases\PullSolutionsWithMaintainedReleases.csproj", "{E28A9211-BB3E-4372-B0E2-016EA02F06A7}"
EndProject
Project("{2150E333-8FDC-42A3-9474-1A3956D46DE8}") = "ExportPackage", "ExportPackage", "{C800C0EE-F900-4025-BD81-172BF2967EE6}"
EndProject
Project("{9A19103F-16F7-4668-BE54-9A1E7A4F7556}") = "DevExportPackage", "DevExportPackage\DevExportPackage.csproj", "{41366821-DF2E-4556-A242-8D427E2E3B53}"
EndProject
Project("{9A19103F-16F7-4668-BE54-9A1E7A4F7556}") = "DevFullMaintaining", "DevFullMaintaining\DevFullMaintaining.csproj", "{5EF11F1A-727E-4E3B-9C1F-0E64C5C7A42B}"
EndProject
Project("{2150E333-8FDC-42A3-9474-1A3956D46DE8}") = "ReleasePipelines", "ReleasePipelines", "{11454302-7E69-4F5F-8D15-64795CEA9E60}"
EndProject
Project("{9A19103F-16F7-4668-BE54-9A1E7A4F7556}") = "MakeRelease", "MakeRelease\MakeRelease.csproj", "{7A647850-C1EC-40E9-B518-D9618158C5AC}"
EndProject
Project("{9A19103F-16F7-4668-BE54-9A1E7A4F7556}") = "StartNewVersion", "StartNewVersion\StartNewVersion.csproj", "{AC9D5C14-E155-4278-B3FA-336931929309}"
EndProject
Project("{FAE04EC0-301F-11D3-BF4B-00C04F79EFBC}") = "CoreToInternalCLIDist", "CoreToInternalCLIDist\CoreToInternalCLIDist.csproj", "{9FA787CC-4FD6-4732-ACC1-74C0FCB492F0}"
EndProject
Global
	GlobalSection(SolutionConfigurationPlatforms) = preSolution
		Debug|Any CPU = Debug|Any CPU
		Release|Any CPU = Release|Any CPU
	EndGlobalSection
	GlobalSection(ProjectConfigurationPlatforms) = postSolution
		{7F89F21F-758F-470B-A787-3CA98C422C98}.Debug|Any CPU.ActiveCfg = Debug|Any CPU
		{7F89F21F-758F-470B-A787-3CA98C422C98}.Debug|Any CPU.Build.0 = Debug|Any CPU
		{7F89F21F-758F-470B-A787-3CA98C422C98}.Release|Any CPU.ActiveCfg = Release|Any CPU
		{7F89F21F-758F-470B-A787-3CA98C422C98}.Release|Any CPU.Build.0 = Release|Any CPU
		{B7D1C20A-F96A-4884-AC67-ACED81279623}.Debug|Any CPU.ActiveCfg = Debug|Any CPU
		{B7D1C20A-F96A-4884-AC67-ACED81279623}.Debug|Any CPU.Build.0 = Debug|Any CPU
		{B7D1C20A-F96A-4884-AC67-ACED81279623}.Release|Any CPU.ActiveCfg = Release|Any CPU
		{B7D1C20A-F96A-4884-AC67-ACED81279623}.Release|Any CPU.Build.0 = Release|Any CPU
		{739B736C-5E71-4F5F-9B24-A2D71E4C2B5E}.Debug|Any CPU.ActiveCfg = Debug|Any CPU
		{739B736C-5E71-4F5F-9B24-A2D71E4C2B5E}.Debug|Any CPU.Build.0 = Debug|Any CPU
		{739B736C-5E71-4F5F-9B24-A2D71E4C2B5E}.Release|Any CPU.ActiveCfg = Release|Any CPU
		{739B736C-5E71-4F5F-9B24-A2D71E4C2B5E}.Release|Any CPU.Build.0 = Release|Any CPU
		{2ED080D2-A888-411C-9C07-A3EA56016124}.Debug|Any CPU.ActiveCfg = Debug|Any CPU
		{2ED080D2-A888-411C-9C07-A3EA56016124}.Debug|Any CPU.Build.0 = Debug|Any CPU
		{2ED080D2-A888-411C-9C07-A3EA56016124}.Release|Any CPU.ActiveCfg = Release|Any CPU
		{2ED080D2-A888-411C-9C07-A3EA56016124}.Release|Any CPU.Build.0 = Release|Any CPU
		{3049596E-0CBD-41D8-BC6D-1C0B8178AC6D}.Debug|Any CPU.ActiveCfg = Debug|Any CPU
		{3049596E-0CBD-41D8-BC6D-1C0B8178AC6D}.Debug|Any CPU.Build.0 = Debug|Any CPU
		{3049596E-0CBD-41D8-BC6D-1C0B8178AC6D}.Release|Any CPU.ActiveCfg = Release|Any CPU
		{3049596E-0CBD-41D8-BC6D-1C0B8178AC6D}.Release|Any CPU.Build.0 = Release|Any CPU
		{FF176138-AFA8-40A7-831C-8AAC51019B26}.Debug|Any CPU.ActiveCfg = Debug|Any CPU
		{FF176138-AFA8-40A7-831C-8AAC51019B26}.Debug|Any CPU.Build.0 = Debug|Any CPU
		{FF176138-AFA8-40A7-831C-8AAC51019B26}.Release|Any CPU.ActiveCfg = Release|Any CPU
		{FF176138-AFA8-40A7-831C-8AAC51019B26}.Release|Any CPU.Build.0 = Release|Any CPU
		{0D86528D-CFBE-4E5C-BE1B-5A26D7D8522B}.Debug|Any CPU.ActiveCfg = Debug|Any CPU
		{0D86528D-CFBE-4E5C-BE1B-5A26D7D8522B}.Debug|Any CPU.Build.0 = Debug|Any CPU
		{0D86528D-CFBE-4E5C-BE1B-5A26D7D8522B}.Release|Any CPU.ActiveCfg = Release|Any CPU
		{0D86528D-CFBE-4E5C-BE1B-5A26D7D8522B}.Release|Any CPU.Build.0 = Release|Any CPU
		{557FF6AF-DB9F-4040-AF46-7704449BF87C}.Debug|Any CPU.ActiveCfg = Debug|Any CPU
		{557FF6AF-DB9F-4040-AF46-7704449BF87C}.Debug|Any CPU.Build.0 = Debug|Any CPU
		{557FF6AF-DB9F-4040-AF46-7704449BF87C}.Release|Any CPU.ActiveCfg = Release|Any CPU
		{557FF6AF-DB9F-4040-AF46-7704449BF87C}.Release|Any CPU.Build.0 = Release|Any CPU
		{9B0391ED-B27C-4AED-905F-B8313155252E}.Debug|Any CPU.ActiveCfg = Debug|Any CPU
		{9B0391ED-B27C-4AED-905F-B8313155252E}.Debug|Any CPU.Build.0 = Debug|Any CPU
		{9B0391ED-B27C-4AED-905F-B8313155252E}.Release|Any CPU.ActiveCfg = Release|Any CPU
		{9B0391ED-B27C-4AED-905F-B8313155252E}.Release|Any CPU.Build.0 = Release|Any CPU
		{0518923D-627A-4D7E-9326-69B004133FE2}.Debug|Any CPU.ActiveCfg = Debug|Any CPU
		{0518923D-627A-4D7E-9326-69B004133FE2}.Debug|Any CPU.Build.0 = Debug|Any CPU
		{0518923D-627A-4D7E-9326-69B004133FE2}.Release|Any CPU.ActiveCfg = Release|Any CPU
		{0518923D-627A-4D7E-9326-69B004133FE2}.Release|Any CPU.Build.0 = Release|Any CPU
		{98D27380-8695-4064-A2B9-F62636EC43A8}.Debug|Any CPU.ActiveCfg = Debug|Any CPU
		{98D27380-8695-4064-A2B9-F62636EC43A8}.Debug|Any CPU.Build.0 = Debug|Any CPU
		{98D27380-8695-4064-A2B9-F62636EC43A8}.Release|Any CPU.ActiveCfg = Release|Any CPU
		{98D27380-8695-4064-A2B9-F62636EC43A8}.Release|Any CPU.Build.0 = Release|Any CPU
		{D794850D-1DBB-4CFE-A303-6116911B7C58}.Debug|Any CPU.ActiveCfg = Debug|Any CPU
		{D794850D-1DBB-4CFE-A303-6116911B7C58}.Debug|Any CPU.Build.0 = Debug|Any CPU
		{D794850D-1DBB-4CFE-A303-6116911B7C58}.Release|Any CPU.ActiveCfg = Release|Any CPU
		{D794850D-1DBB-4CFE-A303-6116911B7C58}.Release|Any CPU.Build.0 = Release|Any CPU
		{DD652351-A929-4353-B725-CE87F77511D9}.Debug|Any CPU.ActiveCfg = Debug|Any CPU
		{DD652351-A929-4353-B725-CE87F77511D9}.Debug|Any CPU.Build.0 = Debug|Any CPU
		{DD652351-A929-4353-B725-CE87F77511D9}.Release|Any CPU.ActiveCfg = Release|Any CPU
		{DD652351-A929-4353-B725-CE87F77511D9}.Release|Any CPU.Build.0 = Release|Any CPU
		{E3F0815A-EA15-4469-B34E-90D41246DBDA}.Debug|Any CPU.ActiveCfg = Debug|Any CPU
		{E3F0815A-EA15-4469-B34E-90D41246DBDA}.Debug|Any CPU.Build.0 = Debug|Any CPU
		{E3F0815A-EA15-4469-B34E-90D41246DBDA}.Release|Any CPU.ActiveCfg = Release|Any CPU
		{E3F0815A-EA15-4469-B34E-90D41246DBDA}.Release|Any CPU.Build.0 = Release|Any CPU
		{647EECAA-7BBC-4DAA-BFFC-ADC1A66EE530}.Debug|Any CPU.ActiveCfg = Debug|Any CPU
		{647EECAA-7BBC-4DAA-BFFC-ADC1A66EE530}.Debug|Any CPU.Build.0 = Debug|Any CPU
		{647EECAA-7BBC-4DAA-BFFC-ADC1A66EE530}.Release|Any CPU.ActiveCfg = Release|Any CPU
		{647EECAA-7BBC-4DAA-BFFC-ADC1A66EE530}.Release|Any CPU.Build.0 = Release|Any CPU
		{8B606882-D00C-48EE-9D45-B4F03E69A164}.Debug|Any CPU.ActiveCfg = Debug|Any CPU
		{8B606882-D00C-48EE-9D45-B4F03E69A164}.Debug|Any CPU.Build.0 = Debug|Any CPU
		{8B606882-D00C-48EE-9D45-B4F03E69A164}.Release|Any CPU.ActiveCfg = Release|Any CPU
		{8B606882-D00C-48EE-9D45-B4F03E69A164}.Release|Any CPU.Build.0 = Release|Any CPU
		{F741E351-80F4-437B-85A6-18E1CCFD23D8}.Debug|Any CPU.ActiveCfg = Debug|Any CPU
		{F741E351-80F4-437B-85A6-18E1CCFD23D8}.Debug|Any CPU.Build.0 = Debug|Any CPU
		{F741E351-80F4-437B-85A6-18E1CCFD23D8}.Release|Any CPU.ActiveCfg = Release|Any CPU
		{F741E351-80F4-437B-85A6-18E1CCFD23D8}.Release|Any CPU.Build.0 = Release|Any CPU
		{27CD9ABD-CF65-491B-84BD-A4E0B450C2D5}.Debug|Any CPU.ActiveCfg = Debug|Any CPU
		{27CD9ABD-CF65-491B-84BD-A4E0B450C2D5}.Debug|Any CPU.Build.0 = Debug|Any CPU
		{27CD9ABD-CF65-491B-84BD-A4E0B450C2D5}.Release|Any CPU.ActiveCfg = Release|Any CPU
		{27CD9ABD-CF65-491B-84BD-A4E0B450C2D5}.Release|Any CPU.Build.0 = Release|Any CPU
		{6E995C53-C9E5-4FC5-B681-63BDDCB8F2DF}.Debug|Any CPU.ActiveCfg = Debug|Any CPU
		{6E995C53-C9E5-4FC5-B681-63BDDCB8F2DF}.Debug|Any CPU.Build.0 = Debug|Any CPU
		{6E995C53-C9E5-4FC5-B681-63BDDCB8F2DF}.Release|Any CPU.ActiveCfg = Release|Any CPU
		{6E995C53-C9E5-4FC5-B681-63BDDCB8F2DF}.Release|Any CPU.Build.0 = Release|Any CPU
		{B23B0DE3-8DB1-4BCB-A6AE-F8B14C1CB62B}.Debug|Any CPU.ActiveCfg = Debug|Any CPU
		{B23B0DE3-8DB1-4BCB-A6AE-F8B14C1CB62B}.Debug|Any CPU.Build.0 = Debug|Any CPU
		{B23B0DE3-8DB1-4BCB-A6AE-F8B14C1CB62B}.Release|Any CPU.ActiveCfg = Release|Any CPU
		{B23B0DE3-8DB1-4BCB-A6AE-F8B14C1CB62B}.Release|Any CPU.Build.0 = Release|Any CPU
		{E28A9211-BB3E-4372-B0E2-016EA02F06A7}.Debug|Any CPU.ActiveCfg = Debug|Any CPU
		{E28A9211-BB3E-4372-B0E2-016EA02F06A7}.Debug|Any CPU.Build.0 = Debug|Any CPU
		{E28A9211-BB3E-4372-B0E2-016EA02F06A7}.Release|Any CPU.ActiveCfg = Release|Any CPU
		{E28A9211-BB3E-4372-B0E2-016EA02F06A7}.Release|Any CPU.Build.0 = Release|Any CPU
		{41366821-DF2E-4556-A242-8D427E2E3B53}.Debug|Any CPU.ActiveCfg = Debug|Any CPU
		{41366821-DF2E-4556-A242-8D427E2E3B53}.Debug|Any CPU.Build.0 = Debug|Any CPU
		{41366821-DF2E-4556-A242-8D427E2E3B53}.Release|Any CPU.ActiveCfg = Release|Any CPU
		{41366821-DF2E-4556-A242-8D427E2E3B53}.Release|Any CPU.Build.0 = Release|Any CPU
		{5EF11F1A-727E-4E3B-9C1F-0E64C5C7A42B}.Debug|Any CPU.ActiveCfg = Debug|Any CPU
		{5EF11F1A-727E-4E3B-9C1F-0E64C5C7A42B}.Debug|Any CPU.Build.0 = Debug|Any CPU
		{5EF11F1A-727E-4E3B-9C1F-0E64C5C7A42B}.Release|Any CPU.ActiveCfg = Release|Any CPU
		{5EF11F1A-727E-4E3B-9C1F-0E64C5C7A42B}.Release|Any CPU.Build.0 = Release|Any CPU
		{7A647850-C1EC-40E9-B518-D9618158C5AC}.Debug|Any CPU.ActiveCfg = Debug|Any CPU
		{7A647850-C1EC-40E9-B518-D9618158C5AC}.Debug|Any CPU.Build.0 = Debug|Any CPU
		{7A647850-C1EC-40E9-B518-D9618158C5AC}.Release|Any CPU.ActiveCfg = Release|Any CPU
		{7A647850-C1EC-40E9-B518-D9618158C5AC}.Release|Any CPU.Build.0 = Release|Any CPU
		{AC9D5C14-E155-4278-B3FA-336931929309}.Debug|Any CPU.ActiveCfg = Debug|Any CPU
		{AC9D5C14-E155-4278-B3FA-336931929309}.Debug|Any CPU.Build.0 = Debug|Any CPU
		{AC9D5C14-E155-4278-B3FA-336931929309}.Release|Any CPU.ActiveCfg = Release|Any CPU
		{AC9D5C14-E155-4278-B3FA-336931929309}.Release|Any CPU.Build.0 = Release|Any CPU
		{9FA787CC-4FD6-4732-ACC1-74C0FCB492F0}.Debug|Any CPU.ActiveCfg = Debug|Any CPU
		{9FA787CC-4FD6-4732-ACC1-74C0FCB492F0}.Debug|Any CPU.Build.0 = Debug|Any CPU
		{9FA787CC-4FD6-4732-ACC1-74C0FCB492F0}.Release|Any CPU.ActiveCfg = Release|Any CPU
		{9FA787CC-4FD6-4732-ACC1-74C0FCB492F0}.Release|Any CPU.Build.0 = Release|Any CPU
	EndGlobalSection
	GlobalSection(SolutionProperties) = preSolution
		HideSolutionNode = FALSE
	EndGlobalSection
	GlobalSection(NestedProjects) = preSolution
		{557FF6AF-DB9F-4040-AF46-7704449BF87C} = {247D30BB-7880-4F31-A862-3FB2D21FAF9A}
		{9B0391ED-B27C-4AED-905F-B8313155252E} = {247D30BB-7880-4F31-A862-3FB2D21FAF9A}
		{98D27380-8695-4064-A2B9-F62636EC43A8} = {247D30BB-7880-4F31-A862-3FB2D21FAF9A}
		{D794850D-1DBB-4CFE-A303-6116911B7C58} = {247D30BB-7880-4F31-A862-3FB2D21FAF9A}
		{DD652351-A929-4353-B725-CE87F77511D9} = {247D30BB-7880-4F31-A862-3FB2D21FAF9A}
		{E3F0815A-EA15-4469-B34E-90D41246DBDA} = {247D30BB-7880-4F31-A862-3FB2D21FAF9A}
		{647EECAA-7BBC-4DAA-BFFC-ADC1A66EE530} = {247D30BB-7880-4F31-A862-3FB2D21FAF9A}
		{8B606882-D00C-48EE-9D45-B4F03E69A164} = {247D30BB-7880-4F31-A862-3FB2D21FAF9A}
		{F5C13574-F505-4A0B-AEBC-FCEF119BE310} = {247D30BB-7880-4F31-A862-3FB2D21FAF9A}
		{F741E351-80F4-437B-85A6-18E1CCFD23D8} = {F5C13574-F505-4A0B-AEBC-FCEF119BE310}
		{27CD9ABD-CF65-491B-84BD-A4E0B450C2D5} = {F5C13574-F505-4A0B-AEBC-FCEF119BE310}
		{6E995C53-C9E5-4FC5-B681-63BDDCB8F2DF} = {F5C13574-F505-4A0B-AEBC-FCEF119BE310}
		{B23B0DE3-8DB1-4BCB-A6AE-F8B14C1CB62B} = {247D30BB-7880-4F31-A862-3FB2D21FAF9A}
		{E28A9211-BB3E-4372-B0E2-016EA02F06A7} = {247D30BB-7880-4F31-A862-3FB2D21FAF9A}
		{C800C0EE-F900-4025-BD81-172BF2967EE6} = {247D30BB-7880-4F31-A862-3FB2D21FAF9A}
		{41366821-DF2E-4556-A242-8D427E2E3B53} = {C800C0EE-F900-4025-BD81-172BF2967EE6}
		{5EF11F1A-727E-4E3B-9C1F-0E64C5C7A42B} = {247D30BB-7880-4F31-A862-3FB2D21FAF9A}
		{7A647850-C1EC-40E9-B518-D9618158C5AC} = {11454302-7E69-4F5F-8D15-64795CEA9E60}
		{AC9D5C14-E155-4278-B3FA-336931929309} = {11454302-7E69-4F5F-8D15-64795CEA9E60}
		{9FA787CC-4FD6-4732-ACC1-74C0FCB492F0} = {247D30BB-7880-4F31-A862-3FB2D21FAF9A}
	EndGlobalSection
	GlobalSection(ExtensibilityGlobals) = postSolution
		SolutionGuid = {06C4A77F-C5ED-463F-A718-5E248AB5CDAB}
	EndGlobalSection
EndGlobal
